dependencies:
  idf:
    component_hash: null
    source:
      type: idf
    version: 5.1.2
  wolfssl/wolfssl:
    component_hash: dbc7f2248e8bc8ead595e895986f2f5f6fbbaccfa33b78747124dea75b3b81a5
    source:
      service_url: https://api.components.espressif.com/
      type: service
    version: 5.7.0
manifest_hash: ad4f030c64225dc79b0119bc25fff034b3b8a887e8a886252b6e5c74b2cea49f
target: esp32s3
version: 1.0.0
