dependencies:
  idf:
    component_hash: null
    source:
      type: idf
    version: 5.2.1
  wolfssl/wolfssl:
    component_hash: dbc7f2248e8bc8ead595e895986f2f5f6fbbaccfa33b78747124dea75b3b81a5
    source:
      service_url: https://api.components.espressif.com/
      type: service
    version: 5.7.0
manifest_hash: 10fe8580883e4075ddb0ca9a1e26a0c2eb03c9a27e041c6d48be87d41c4e596b
target: esp32s3
version: 1.0.0
